
Microsoft Visual Studio Solution File, Format Version 12.00
Project("{FAE04EC0-301F-11D3-BF4B-00C04F79EFBC}") = "WebApp", "WebApp\WebApp.csproj", "{A4E10363-360A-4AED-A14E-5374486CDE5D}"
EndProject
Project("{FAE04EC0-301F-11D3-BF4B-00C04F79EFBC}") = "App.Domain", "App.Domain\App.Domain.csproj", "{789BEDE3-C230-4660-B17F-C5142C97D93C}"
EndProject
Project("{FAE04EC0-301F-11D3-BF4B-00C04F79EFBC}") = "App.DAL", "App.DAL\App.DAL.csproj", "{2552F906-CCDB-48CD-98A2-7BA586C512A3}"
EndProject
Project("{2150E333-8FDC-42A3-9474-1A3956D46DE8}") = "Solution items", "Solution items", "{12D703F4-79BC-4496-BDCB-43465AB877C4}"
	ProjectSection(SolutionItems) = preProject
		..\.gitignore = ..\.gitignore
		..\README.md = ..\README.md
		Directory.Build.props = Directory.Build.props
		README.md = README.md
		Dockerfile = Dockerfile
		.dockerignore = .dockerignore
		docker-compose.yml = docker-compose.yml
	EndProjectSection
EndProject
Project("{FAE04EC0-301F-11D3-BF4B-00C04F79EFBC}") = "Base.Contracts.Domain", "Base.Contracts.Domain\Base.Contracts.Domain.csproj", "{AAF998E0-3CFF-46AF-9820-1D101136E64D}"
EndProject
Project("{FAE04EC0-301F-11D3-BF4B-00C04F79EFBC}") = "Base.Domain", "Base.Domain\Base.Domain.csproj", "{55F883AE-422B-4059-8CD3-E86DE8BB2793}"
EndProject
Project("{2150E333-8FDC-42A3-9474-1A3956D46DE8}") = "App", "App", "{DD3ECF44-E43D-4E4C-B3B7-7DF6220F5820}"
EndProject
Project("{2150E333-8FDC-42A3-9474-1A3956D46DE8}") = "Base", "Base", "{FD76F3B7-BCFD-469A-B5E7-BB7D64C8F228}"
EndProject
Project("{FAE04EC0-301F-11D3-BF4B-00C04F79EFBC}") = "Base.DAL.EF", "Base.DAL.EF\Base.DAL.EF.csproj", "{0EFE8DF1-2968-487E-8483-7268734259E8}"
EndProject
Project("{FAE04EC0-301F-11D3-BF4B-00C04F79EFBC}") = "Base.Contracts.DAL", "Base.Contracts.DAL\Base.Contracts.DAL.csproj", "{FE249093-B573-4343-A990-6A7423CD81D8}"
EndProject
Project("{FAE04EC0-301F-11D3-BF4B-00C04F79EFBC}") = "App.Contracts.DAL", "App.Contracts.DAL\App.Contracts.DAL.csproj", "{1D440B2C-E0BB-4569-AFC3-A1FD1247FC60}"
EndProject
Project("{FAE04EC0-301F-11D3-BF4B-00C04F79EFBC}") = "Base.Helpers", "Base.Helpers\Base.Helpers.csproj", "{B8F8AE63-A3C4-4D7F-A1E7-0001E7D2DADD}"
EndProject
Project("{FAE04EC0-301F-11D3-BF4B-00C04F79EFBC}") = "App.Public.DTO", "App.Public.DTO\App.Public.DTO.csproj", "{CE679F27-DDF5-40C8-BEE5-A217AEDAD2C7}"
EndProject
Project("{FAE04EC0-301F-11D3-BF4B-00C04F79EFBC}") = "Base.DAL", "Base.DAL\Base.DAL.csproj", "{A0AA3B04-F20D-4AB9-80C8-40305DA21C80}"
EndProject
Project("{FAE04EC0-301F-11D3-BF4B-00C04F79EFBC}") = "Base.Contracts", "Base.Contracts\Base.Contracts.csproj", "{D58287AE-89B2-4C58-BF40-F24C92DA4DF6}"
EndProject
Project("{FAE04EC0-301F-11D3-BF4B-00C04F79EFBC}") = "App.DAL.DTO", "App.DAL.DTO\App.DAL.DTO.csproj", "{2C16680E-52D5-4586-A334-8147415FFCB5}"
EndProject
Project("{FAE04EC0-301F-11D3-BF4B-00C04F79EFBC}") = "Base.Contracts.BLL", "Base.Contracts.BLL\Base.Contracts.BLL.csproj", "{B4609117-E653-40B4-A9DA-F6187ECA5A63}"
EndProject
Project("{FAE04EC0-301F-11D3-BF4B-00C04F79EFBC}") = "Base.BLL", "Base.BLL\Base.BLL.csproj", "{A882EA58-64B0-4377-9227-E0507D89FB41}"
EndProject
Project("{FAE04EC0-301F-11D3-BF4B-00C04F79EFBC}") = "App.Contracts.BLL", "App.Contracts.BLL\App.Contracts.BLL.csproj", "{722D4B92-4FD3-410B-B3D0-957C669C8FCC}"
EndProject
Project("{FAE04EC0-301F-11D3-BF4B-00C04F79EFBC}") = "App.BLL", "App.BLL\App.BLL.csproj", "{B9F5F478-AB64-481C-88A3-F323FC0D7999}"
EndProject
Project("{FAE04EC0-301F-11D3-BF4B-00C04F79EFBC}") = "App.BLL.DTO", "App.BLL.DTO\App.BLL.DTO.csproj", "{582C60A4-39EE-4BAF-8EED-37F7BA86B30F}"
EndProject
Project("{FAE04EC0-301F-11D3-BF4B-00C04F79EFBC}") = "Tests", "Tests\Tests.csproj", "{D8CC933D-8273-4335-AB32-177FCE0CFF9E}"
EndProject
Global
	GlobalSection(SolutionConfigurationPlatforms) = preSolution
		Debug|Any CPU = Debug|Any CPU
		Release|Any CPU = Release|Any CPU
	EndGlobalSection
	GlobalSection(ProjectConfigurationPlatforms) = postSolution
		{A4E10363-360A-4AED-A14E-5374486CDE5D}.Debug|Any CPU.ActiveCfg = Debug|Any CPU
		{A4E10363-360A-4AED-A14E-5374486CDE5D}.Debug|Any CPU.Build.0 = Debug|Any CPU
		{A4E10363-360A-4AED-A14E-5374486CDE5D}.Release|Any CPU.ActiveCfg = Release|Any CPU
		{A4E10363-360A-4AED-A14E-5374486CDE5D}.Release|Any CPU.Build.0 = Release|Any CPU
		{789BEDE3-C230-4660-B17F-C5142C97D93C}.Debug|Any CPU.ActiveCfg = Debug|Any CPU
		{789BEDE3-C230-4660-B17F-C5142C97D93C}.Debug|Any CPU.Build.0 = Debug|Any CPU
		{789BEDE3-C230-4660-B17F-C5142C97D93C}.Release|Any CPU.ActiveCfg = Release|Any CPU
		{789BEDE3-C230-4660-B17F-C5142C97D93C}.Release|Any CPU.Build.0 = Release|Any CPU
		{2552F906-CCDB-48CD-98A2-7BA586C512A3}.Debug|Any CPU.ActiveCfg = Debug|Any CPU
		{2552F906-CCDB-48CD-98A2-7BA586C512A3}.Debug|Any CPU.Build.0 = Debug|Any CPU
		{2552F906-CCDB-48CD-98A2-7BA586C512A3}.Release|Any CPU.ActiveCfg = Release|Any CPU
		{2552F906-CCDB-48CD-98A2-7BA586C512A3}.Release|Any CPU.Build.0 = Release|Any CPU
		{AAF998E0-3CFF-46AF-9820-1D101136E64D}.Debug|Any CPU.ActiveCfg = Debug|Any CPU
		{AAF998E0-3CFF-46AF-9820-1D101136E64D}.Debug|Any CPU.Build.0 = Debug|Any CPU
		{AAF998E0-3CFF-46AF-9820-1D101136E64D}.Release|Any CPU.ActiveCfg = Release|Any CPU
		{AAF998E0-3CFF-46AF-9820-1D101136E64D}.Release|Any CPU.Build.0 = Release|Any CPU
		{55F883AE-422B-4059-8CD3-E86DE8BB2793}.Debug|Any CPU.ActiveCfg = Debug|Any CPU
		{55F883AE-422B-4059-8CD3-E86DE8BB2793}.Debug|Any CPU.Build.0 = Debug|Any CPU
		{55F883AE-422B-4059-8CD3-E86DE8BB2793}.Release|Any CPU.ActiveCfg = Release|Any CPU
		{55F883AE-422B-4059-8CD3-E86DE8BB2793}.Release|Any CPU.Build.0 = Release|Any CPU
		{0EFE8DF1-2968-487E-8483-7268734259E8}.Debug|Any CPU.ActiveCfg = Debug|Any CPU
		{0EFE8DF1-2968-487E-8483-7268734259E8}.Debug|Any CPU.Build.0 = Debug|Any CPU
		{0EFE8DF1-2968-487E-8483-7268734259E8}.Release|Any CPU.ActiveCfg = Release|Any CPU
		{0EFE8DF1-2968-487E-8483-7268734259E8}.Release|Any CPU.Build.0 = Release|Any CPU
		{FE249093-B573-4343-A990-6A7423CD81D8}.Debug|Any CPU.ActiveCfg = Debug|Any CPU
		{FE249093-B573-4343-A990-6A7423CD81D8}.Debug|Any CPU.Build.0 = Debug|Any CPU
		{FE249093-B573-4343-A990-6A7423CD81D8}.Release|Any CPU.ActiveCfg = Release|Any CPU
		{FE249093-B573-4343-A990-6A7423CD81D8}.Release|Any CPU.Build.0 = Release|Any CPU
		{1D440B2C-E0BB-4569-AFC3-A1FD1247FC60}.Debug|Any CPU.ActiveCfg = Debug|Any CPU
		{1D440B2C-E0BB-4569-AFC3-A1FD1247FC60}.Debug|Any CPU.Build.0 = Debug|Any CPU
		{1D440B2C-E0BB-4569-AFC3-A1FD1247FC60}.Release|Any CPU.ActiveCfg = Release|Any CPU
		{1D440B2C-E0BB-4569-AFC3-A1FD1247FC60}.Release|Any CPU.Build.0 = Release|Any CPU
		{B8F8AE63-A3C4-4D7F-A1E7-0001E7D2DADD}.Debug|Any CPU.ActiveCfg = Debug|Any CPU
		{B8F8AE63-A3C4-4D7F-A1E7-0001E7D2DADD}.Debug|Any CPU.Build.0 = Debug|Any CPU
		{B8F8AE63-A3C4-4D7F-A1E7-0001E7D2DADD}.Release|Any CPU.ActiveCfg = Release|Any CPU
		{B8F8AE63-A3C4-4D7F-A1E7-0001E7D2DADD}.Release|Any CPU.Build.0 = Release|Any CPU
		{CE679F27-DDF5-40C8-BEE5-A217AEDAD2C7}.Debug|Any CPU.ActiveCfg = Debug|Any CPU
		{CE679F27-DDF5-40C8-BEE5-A217AEDAD2C7}.Debug|Any CPU.Build.0 = Debug|Any CPU
		{CE679F27-DDF5-40C8-BEE5-A217AEDAD2C7}.Release|Any CPU.ActiveCfg = Release|Any CPU
		{CE679F27-DDF5-40C8-BEE5-A217AEDAD2C7}.Release|Any CPU.Build.0 = Release|Any CPU
		{A0AA3B04-F20D-4AB9-80C8-40305DA21C80}.Debug|Any CPU.ActiveCfg = Debug|Any CPU
		{A0AA3B04-F20D-4AB9-80C8-40305DA21C80}.Debug|Any CPU.Build.0 = Debug|Any CPU
		{A0AA3B04-F20D-4AB9-80C8-40305DA21C80}.Release|Any CPU.ActiveCfg = Release|Any CPU
		{A0AA3B04-F20D-4AB9-80C8-40305DA21C80}.Release|Any CPU.Build.0 = Release|Any CPU
		{D58287AE-89B2-4C58-BF40-F24C92DA4DF6}.Debug|Any CPU.ActiveCfg = Debug|Any CPU
		{D58287AE-89B2-4C58-BF40-F24C92DA4DF6}.Debug|Any CPU.Build.0 = Debug|Any CPU
		{D58287AE-89B2-4C58-BF40-F24C92DA4DF6}.Release|Any CPU.ActiveCfg = Release|Any CPU
		{D58287AE-89B2-4C58-BF40-F24C92DA4DF6}.Release|Any CPU.Build.0 = Release|Any CPU
		{2C16680E-52D5-4586-A334-8147415FFCB5}.Debug|Any CPU.ActiveCfg = Debug|Any CPU
		{2C16680E-52D5-4586-A334-8147415FFCB5}.Debug|Any CPU.Build.0 = Debug|Any CPU
		{2C16680E-52D5-4586-A334-8147415FFCB5}.Release|Any CPU.ActiveCfg = Release|Any CPU
		{2C16680E-52D5-4586-A334-8147415FFCB5}.Release|Any CPU.Build.0 = Release|Any CPU
		{B4609117-E653-40B4-A9DA-F6187ECA5A63}.Debug|Any CPU.ActiveCfg = Debug|Any CPU
		{B4609117-E653-40B4-A9DA-F6187ECA5A63}.Debug|Any CPU.Build.0 = Debug|Any CPU
		{B4609117-E653-40B4-A9DA-F6187ECA5A63}.Release|Any CPU.ActiveCfg = Release|Any CPU
		{B4609117-E653-40B4-A9DA-F6187ECA5A63}.Release|Any CPU.Build.0 = Release|Any CPU
		{A882EA58-64B0-4377-9227-E0507D89FB41}.Debug|Any CPU.ActiveCfg = Debug|Any CPU
		{A882EA58-64B0-4377-9227-E0507D89FB41}.Debug|Any CPU.Build.0 = Debug|Any CPU
		{A882EA58-64B0-4377-9227-E0507D89FB41}.Release|Any CPU.ActiveCfg = Release|Any CPU
		{A882EA58-64B0-4377-9227-E0507D89FB41}.Release|Any CPU.Build.0 = Release|Any CPU
		{722D4B92-4FD3-410B-B3D0-957C669C8FCC}.Debug|Any CPU.ActiveCfg = Debug|Any CPU
		{722D4B92-4FD3-410B-B3D0-957C669C8FCC}.Debug|Any CPU.Build.0 = Debug|Any CPU
		{722D4B92-4FD3-410B-B3D0-957C669C8FCC}.Release|Any CPU.ActiveCfg = Release|Any CPU
		{722D4B92-4FD3-410B-B3D0-957C669C8FCC}.Release|Any CPU.Build.0 = Release|Any CPU
		{B9F5F478-AB64-481C-88A3-F323FC0D7999}.Debug|Any CPU.ActiveCfg = Debug|Any CPU
		{B9F5F478-AB64-481C-88A3-F323FC0D7999}.Debug|Any CPU.Build.0 = Debug|Any CPU
		{B9F5F478-AB64-481C-88A3-F323FC0D7999}.Release|Any CPU.ActiveCfg = Release|Any CPU
		{B9F5F478-AB64-481C-88A3-F323FC0D7999}.Release|Any CPU.Build.0 = Release|Any CPU
		{582C60A4-39EE-4BAF-8EED-37F7BA86B30F}.Debug|Any CPU.ActiveCfg = Debug|Any CPU
		{582C60A4-39EE-4BAF-8EED-37F7BA86B30F}.Debug|Any CPU.Build.0 = Debug|Any CPU
		{582C60A4-39EE-4BAF-8EED-37F7BA86B30F}.Release|Any CPU.ActiveCfg = Release|Any CPU
		{582C60A4-39EE-4BAF-8EED-37F7BA86B30F}.Release|Any CPU.Build.0 = Release|Any CPU
		{D8CC933D-8273-4335-AB32-177FCE0CFF9E}.Debug|Any CPU.ActiveCfg = Debug|Any CPU
		{D8CC933D-8273-4335-AB32-177FCE0CFF9E}.Debug|Any CPU.Build.0 = Debug|Any CPU
		{D8CC933D-8273-4335-AB32-177FCE0CFF9E}.Release|Any CPU.ActiveCfg = Release|Any CPU
		{D8CC933D-8273-4335-AB32-177FCE0CFF9E}.Release|Any CPU.Build.0 = Release|Any CPU
	EndGlobalSection
	GlobalSection(NestedProjects) = preSolution
		{A4E10363-360A-4AED-A14E-5374486CDE5D} = {DD3ECF44-E43D-4E4C-B3B7-7DF6220F5820}
		{55F883AE-422B-4059-8CD3-E86DE8BB2793} = {FD76F3B7-BCFD-469A-B5E7-BB7D64C8F228}
		{AAF998E0-3CFF-46AF-9820-1D101136E64D} = {FD76F3B7-BCFD-469A-B5E7-BB7D64C8F228}
		{789BEDE3-C230-4660-B17F-C5142C97D93C} = {DD3ECF44-E43D-4E4C-B3B7-7DF6220F5820}
		{2552F906-CCDB-48CD-98A2-7BA586C512A3} = {DD3ECF44-E43D-4E4C-B3B7-7DF6220F5820}
		{0EFE8DF1-2968-487E-8483-7268734259E8} = {FD76F3B7-BCFD-469A-B5E7-BB7D64C8F228}
		{FE249093-B573-4343-A990-6A7423CD81D8} = {FD76F3B7-BCFD-469A-B5E7-BB7D64C8F228}
		{1D440B2C-E0BB-4569-AFC3-A1FD1247FC60} = {DD3ECF44-E43D-4E4C-B3B7-7DF6220F5820}
		{B8F8AE63-A3C4-4D7F-A1E7-0001E7D2DADD} = {FD76F3B7-BCFD-469A-B5E7-BB7D64C8F228}
		{CE679F27-DDF5-40C8-BEE5-A217AEDAD2C7} = {DD3ECF44-E43D-4E4C-B3B7-7DF6220F5820}
		{A0AA3B04-F20D-4AB9-80C8-40305DA21C80} = {FD76F3B7-BCFD-469A-B5E7-BB7D64C8F228}
		{D58287AE-89B2-4C58-BF40-F24C92DA4DF6} = {FD76F3B7-BCFD-469A-B5E7-BB7D64C8F228}
		{2C16680E-52D5-4586-A334-8147415FFCB5} = {DD3ECF44-E43D-4E4C-B3B7-7DF6220F5820}
		{B4609117-E653-40B4-A9DA-F6187ECA5A63} = {FD76F3B7-BCFD-469A-B5E7-BB7D64C8F228}
		{A882EA58-64B0-4377-9227-E0507D89FB41} = {FD76F3B7-BCFD-469A-B5E7-BB7D64C8F228}
		{722D4B92-4FD3-410B-B3D0-957C669C8FCC} = {DD3ECF44-E43D-4E4C-B3B7-7DF6220F5820}
		{B9F5F478-AB64-481C-88A3-F323FC0D7999} = {DD3ECF44-E43D-4E4C-B3B7-7DF6220F5820}
		{582C60A4-39EE-4BAF-8EED-37F7BA86B30F} = {DD3ECF44-E43D-4E4C-B3B7-7DF6220F5820}
		{D8CC933D-8273-4335-AB32-177FCE0CFF9E} = {DD3ECF44-E43D-4E4C-B3B7-7DF6220F5820}
	EndGlobalSection
EndGlobal
