
Microsoft Visual Studio Solution File, Format Version 12.00
Project("{FAE04EC0-301F-11D3-BF4B-00C04F79EFBC}") = "WebApp", "WebApp\WebApp.csproj", "{38822BD8-D983-4629-B670-6CB68C399BC4}"
EndProject
Project("{FAE04EC0-301F-11D3-BF4B-00C04F79EFBC}") = "Base.Helpers", "Base.Helpers\Base.Helpers.csproj", "{810B342E-B1EC-4B00-ABF1-C1684361976C}"
EndProject
Project("{FAE04EC0-301F-11D3-BF4B-00C04F79EFBC}") = "Base.Contracts", "Base.Contracts\Base.Contracts.csproj", "{8D33B9B5-6B19-450B-903F-6E5496C86CB9}"
EndProject
Project("{FAE04EC0-301F-11D3-BF4B-00C04F79EFBC}") = "Base.Contracts.Domain", "Base.Contracts.Domain\Base.Contracts.Domain.csproj", "{22CB0C4A-12D8-40CE-99E7-DA2ED60C928F}"
EndProject
Project("{FAE04EC0-301F-11D3-BF4B-00C04F79EFBC}") = "Base.Domain", "Base.Domain\Base.Domain.csproj", "{E7F6BAB0-C52C-42CF-A7CC-047CF9ED68F6}"
EndProject
Project("{FAE04EC0-301F-11D3-BF4B-00C04F79EFBC}") = "Base.DAL", "Base.DAL\Base.DAL.csproj", "{611B918A-49AF-469A-A9C8-741CCCA84D5F}"
EndProject
Project("{FAE04EC0-301F-11D3-BF4B-00C04F79EFBC}") = "App.DAL", "App.DAL\App.DAL.csproj", "{E9568D74-0018-4AFC-9915-23074F4DC6EF}"
EndProject
Project("{FAE04EC0-301F-11D3-BF4B-00C04F79EFBC}") = "App.Domain", "App.Domain\App.Domain.csproj", "{ADAB60BE-D068-4DD9-BAF2-588B8B06F96B}"
EndProject
Project("{FAE04EC0-301F-11D3-BF4B-00C04F79EFBC}") = "App.Public.DTO", "App.Public.DTO\App.Public.DTO.csproj", "{07B6F4FC-849D-48CC-8622-FB0E0FFF8904}"
EndProject
Project("{2150E333-8FDC-42A3-9474-1A3956D46DE8}") = "Solution items", "Solution items", "{E9A3B727-EBD7-479A-950C-A1400989BF8A}"
	ProjectSection(SolutionItems) = preProject
		docker-compose.yml = docker-compose.yml
		README.md = README.md
		Directory.Build.props = Directory.Build.props
	EndProjectSection
EndProject
Global
	GlobalSection(SolutionConfigurationPlatforms) = preSolution
		Debug|Any CPU = Debug|Any CPU
		Release|Any CPU = Release|Any CPU
	EndGlobalSection
	GlobalSection(ProjectConfigurationPlatforms) = postSolution
		{38822BD8-D983-4629-B670-6CB68C399BC4}.Debug|Any CPU.ActiveCfg = Debug|Any CPU
		{38822BD8-D983-4629-B670-6CB68C399BC4}.Debug|Any CPU.Build.0 = Debug|Any CPU
		{38822BD8-D983-4629-B670-6CB68C399BC4}.Release|Any CPU.ActiveCfg = Release|Any CPU
		{38822BD8-D983-4629-B670-6CB68C399BC4}.Release|Any CPU.Build.0 = Release|Any CPU
		{810B342E-B1EC-4B00-ABF1-C1684361976C}.Debug|Any CPU.ActiveCfg = Debug|Any CPU
		{810B342E-B1EC-4B00-ABF1-C1684361976C}.Debug|Any CPU.Build.0 = Debug|Any CPU
		{810B342E-B1EC-4B00-ABF1-C1684361976C}.Release|Any CPU.ActiveCfg = Release|Any CPU
		{810B342E-B1EC-4B00-ABF1-C1684361976C}.Release|Any CPU.Build.0 = Release|Any CPU
		{8D33B9B5-6B19-450B-903F-6E5496C86CB9}.Debug|Any CPU.ActiveCfg = Debug|Any CPU
		{8D33B9B5-6B19-450B-903F-6E5496C86CB9}.Debug|Any CPU.Build.0 = Debug|Any CPU
		{8D33B9B5-6B19-450B-903F-6E5496C86CB9}.Release|Any CPU.ActiveCfg = Release|Any CPU
		{8D33B9B5-6B19-450B-903F-6E5496C86CB9}.Release|Any CPU.Build.0 = Release|Any CPU
		{22CB0C4A-12D8-40CE-99E7-DA2ED60C928F}.Debug|Any CPU.ActiveCfg = Debug|Any CPU
		{22CB0C4A-12D8-40CE-99E7-DA2ED60C928F}.Debug|Any CPU.Build.0 = Debug|Any CPU
		{22CB0C4A-12D8-40CE-99E7-DA2ED60C928F}.Release|Any CPU.ActiveCfg = Release|Any CPU
		{22CB0C4A-12D8-40CE-99E7-DA2ED60C928F}.Release|Any CPU.Build.0 = Release|Any CPU
		{E7F6BAB0-C52C-42CF-A7CC-047CF9ED68F6}.Debug|Any CPU.ActiveCfg = Debug|Any CPU
		{E7F6BAB0-C52C-42CF-A7CC-047CF9ED68F6}.Debug|Any CPU.Build.0 = Debug|Any CPU
		{E7F6BAB0-C52C-42CF-A7CC-047CF9ED68F6}.Release|Any CPU.ActiveCfg = Release|Any CPU
		{E7F6BAB0-C52C-42CF-A7CC-047CF9ED68F6}.Release|Any CPU.Build.0 = Release|Any CPU
		{611B918A-49AF-469A-A9C8-741CCCA84D5F}.Debug|Any CPU.ActiveCfg = Debug|Any CPU
		{611B918A-49AF-469A-A9C8-741CCCA84D5F}.Debug|Any CPU.Build.0 = Debug|Any CPU
		{611B918A-49AF-469A-A9C8-741CCCA84D5F}.Release|Any CPU.ActiveCfg = Release|Any CPU
		{611B918A-49AF-469A-A9C8-741CCCA84D5F}.Release|Any CPU.Build.0 = Release|Any CPU
		{E9568D74-0018-4AFC-9915-23074F4DC6EF}.Debug|Any CPU.ActiveCfg = Debug|Any CPU
		{E9568D74-0018-4AFC-9915-23074F4DC6EF}.Debug|Any CPU.Build.0 = Debug|Any CPU
		{E9568D74-0018-4AFC-9915-23074F4DC6EF}.Release|Any CPU.ActiveCfg = Release|Any CPU
		{E9568D74-0018-4AFC-9915-23074F4DC6EF}.Release|Any CPU.Build.0 = Release|Any CPU
		{ADAB60BE-D068-4DD9-BAF2-588B8B06F96B}.Debug|Any CPU.ActiveCfg = Debug|Any CPU
		{ADAB60BE-D068-4DD9-BAF2-588B8B06F96B}.Debug|Any CPU.Build.0 = Debug|Any CPU
		{ADAB60BE-D068-4DD9-BAF2-588B8B06F96B}.Release|Any CPU.ActiveCfg = Release|Any CPU
		{ADAB60BE-D068-4DD9-BAF2-588B8B06F96B}.Release|Any CPU.Build.0 = Release|Any CPU
		{07B6F4FC-849D-48CC-8622-FB0E0FFF8904}.Debug|Any CPU.ActiveCfg = Debug|Any CPU
		{07B6F4FC-849D-48CC-8622-FB0E0FFF8904}.Debug|Any CPU.Build.0 = Debug|Any CPU
		{07B6F4FC-849D-48CC-8622-FB0E0FFF8904}.Release|Any CPU.ActiveCfg = Release|Any CPU
		{07B6F4FC-849D-48CC-8622-FB0E0FFF8904}.Release|Any CPU.Build.0 = Release|Any CPU
	EndGlobalSection
EndGlobal
